{
  "name": "api",
  "version": "1.0.0",
  "lockfileVersion": 1,
  "requires": true,
  "dependencies": {
    "@types/express": {
      "version": "github:types/express#7670cf1cbce96b3159e3ff04a253926b34111220",
      "from": "github:types/express",
      "dev": true,
      "requires": {
        "@types/serve-static": "github:types/npm-serve-static#c1f96843c8b96a37f6c534cb1dadb48f5329e4e0",
        "path-to-regexp": "github:pillarjs/path-to-regexp#ec285ed3500aed455df59e3b8b07f473412918a4"
      }
    },
    "@types/serve-static": {
      "version": "github:types/npm-serve-static#c1f96843c8b96a37f6c534cb1dadb48f5329e4e0",
      "from": "github:types/npm-serve-static#c1f96843c8b96a37f6c534cb1dadb48f5329e4e0",
      "dev": true
    },
    "isarray": {
      "version": "0.0.1",
      "resolved": "https://registry.npmjs.org/isarray/-/isarray-0.0.1.tgz",
      "integrity": "sha1-ihis/Kmo9Bd+Cav8YDiTmwXR7t8=",
      "dev": true
    },
    "path-to-regexp": {
      "version": "github:pillarjs/path-to-regexp#ec285ed3500aed455df59e3b8b07f473412918a4",
      "from": "github:pillarjs/path-to-regexp#ec285ed3500aed455df59e3b8b07f473412918a4",
      "dev": true,
      "requires": {
        "isarray": "0.0.1"
      }
    }
  }
}
